<?xml version="1.0" encoding="utf-8"?>
<Project ToolsVersion="4.0" xmlns="http://schemas.microsoft.com/developer/msbuild/2003">
  <ItemGroup>
    <Filter Include="Source Files">
      <UniqueIdentifier>{4FC737F1-C7A5-4376-A066-2A32D752A2FF}</UniqueIdentifier>
      <Extensions>cpp;c;cc;cxx;def;odl;idl;hpj;bat;asm;asmx</Extensions>
    </Filter>
    <Filter Include="Header Files">
      <UniqueIdentifier>{93995380-89BD-4b04-88EB-625FBE52EBFB}</UniqueIdentifier>
      <Extensions>h;hh;hpp;hxx;hm;inl;inc;xsd</Extensions>
    </Filter>
    <Filter Include="Resource Files">
      <UniqueIdentifier>{67DA6AB6-F800-4c08-8B7A-83BB121AAD01}</UniqueIdentifier>
      <Extensions>rc;ico;cur;bmp;dlg;rc2;rct;bin;rgs;gif;jpg;jpeg;jpe;resx;tiff;tif;png;wav;mfcribbon-ms</Extensions>
    </Filter>
    <Filter Include="BuildingConstruction">
      <UniqueIdentifier>{23b2367f-3208-46f7-96b8-45af3d9e6b76}</UniqueIdentifier>
    </Filter>
    <Filter Include="Military">
      <UniqueIdentifier>{277bdec3-1e73-4498-89f2-6c4382486e2e}</UniqueIdentifier>
    </Filter>
    <Filter Include="BuildingStructures">
      <UniqueIdentifier>{b965ea68-edda-4adf-84b3-23200bba3212}</UniqueIdentifier>
    </Filter>
    <Filter Include="Util">
      <UniqueIdentifier>{7ccb6d27-c388-4687-8948-b6e73dc4a013}</UniqueIdentifier>
    </Filter>
    <Filter Include="Economy">
      <UniqueIdentifier>{26b5e6c4-1a2d-44b4-92d6-e325307b3c09}</UniqueIdentifier>
    </Filter>
    <Filter Include="BaseManagement">
      <UniqueIdentifier>{e66d51b0-5ed0-424c-8d7e-b08f2203c230}</UniqueIdentifier>
    </Filter>
  </ItemGroup>
  <ItemGroup>
    <ClCompile Include="BuildQueueTask.cpp">
      <Filter>BuildingConstruction</Filter>
    </ClCompile>
    <ClCompile Include="ConstructionManager.cpp">
      <Filter>BuildingConstruction</Filter>
    </ClCompile>
    <ClCompile Include="ConstructionPlacement.cpp">
      <Filter>BuildingConstruction</Filter>
    </ClCompile>
    <ClCompile Include="UpgradesManager.cpp">
      <Filter>Military</Filter>
    </ClCompile>
    <ClCompile Include="UpgradeList.cpp">
      <Filter>Military</Filter>
    </ClCompile>
    <ClCompile Include="StructuresManager.cpp">
      <Filter>BuildingStructures</Filter>
    </ClCompile>
    <ClCompile Include="Structure.cpp">
      <Filter>BuildingStructures</Filter>
    </ClCompile>
    <ClCompile Include="ArmyManager.cpp">
      <Filter>Military</Filter>
    </ClCompile>
    <ClCompile Include="DrawingManager.cpp">
      <Filter>Util</Filter>
    </ClCompile>
    <ClCompile Include="bot.cpp" />
    <ClCompile Include="Utils.cpp">
      <Filter>Util</Filter>
    </ClCompile>
    <ClCompile Include="ManagerBase.cpp">
      <Filter>Util</Filter>
    </ClCompile>
    <ClCompile Include="EconManager.cpp">
      <Filter>Economy</Filter>
    </ClCompile>
    <ClCompile Include="SupplyManager.cpp">
      <Filter>Economy</Filter>
    </ClCompile>
    <ClCompile Include="main.cpp">
      <Filter>Source Files</Filter>
    </ClCompile>
    <ClCompile Include="BaseLocationManager.cpp">
      <Filter>BaseManagement</Filter>
    </ClCompile>
    <ClCompile Include="BaseLocation.cpp">
      <Filter>BaseManagement</Filter>
    </ClCompile>
    <ClCompile Include="BaseLocationInitializer.cpp">
      <Filter>BaseManagement</Filter>
    </ClCompile>
    <ClCompile Include="MineralLine.cpp">
      <Filter>BaseManagement</Filter>
    </ClCompile>
  </ItemGroup>
  <ItemGroup>
    <ClInclude Include="BuildQueueTask.h">
      <Filter>BuildingConstruction</Filter>
    </ClInclude>
    <ClInclude Include="ConstructionManager.h">
      <Filter>BuildingConstruction</Filter>
    </ClInclude>
    <ClInclude Include="ConstructionTaskState.h">
      <Filter>BuildingConstruction</Filter>
    </ClInclude>
    <ClInclude Include="ConstructionPlacement.h">
      <Filter>BuildingConstruction</Filter>
    </ClInclude>
    <ClInclude Include="UpgradesManager.h">
      <Filter>Military</Filter>
    </ClInclude>
    <ClInclude Include="UpgradeList.h">
      <Filter>Military</Filter>
    </ClInclude>
    <ClInclude Include="StructuresManager.h">
      <Filter>BuildingStructures</Filter>
    </ClInclude>
    <ClInclude Include="Structure.h">
      <Filter>BuildingStructures</Filter>
    </ClInclude>
    <ClInclude Include="ArmyManager.h">
      <Filter>Military</Filter>
    </ClInclude>
    <ClInclude Include="DrawingManager.h">
      <Filter>Util</Filter>
    </ClInclude>
    <ClInclude Include="bot.h" />
    <ClInclude Include="Utils.h">
      <Filter>Util</Filter>
    </ClInclude>
    <ClInclude Include="ManagerBase.h">
      <Filter>Util</Filter>
    </ClInclude>
    <ClInclude Include="EconManager.h">
      <Filter>Economy</Filter>
    </ClInclude>
    <ClInclude Include="SupplyManager.h">
      <Filter>Economy</Filter>
    </ClInclude>
    <ClInclude Include="BaseLocationManager.h">
      <Filter>BaseManagement</Filter>
    </ClInclude>
    <ClInclude Include="BaseLocation.h">
      <Filter>BaseManagement</Filter>
    </ClInclude>
    <ClInclude Include="BaseLocationInitializer.h">
      <Filter>BaseManagement</Filter>
    </ClInclude>
    <ClInclude Include="MineralLine.h">
      <Filter>BaseManagement</Filter>
    </ClInclude>
  </ItemGroup>
</Project>